// !$*UTF8*$!
{
	archiveVersion = 1;
	classes = {
	};
	objectVersion = 77;
	objects = {

/* Begin PBXBuildFile section */
		03CDF4424CF68A5200C688BC /* OpenFolderSettingsView.swift in Sources */ = {isa = PBXBuildFile; fileRef = C04935DB4F27C87EEBEECB95 /* OpenFolderSettingsView.swift */; };
		0A7D75B79DA85383C21E83F5 /* ItemEditorSheet.swift in Sources */ = {isa = PBXBuildFile; fileRef = F441D15328EAFB83B1A6B38A /* ItemEditorSheet.swift */; };
		10A78BD970AD2AB8B9D95E57 /* EnabledChip.swift in Sources */ = {isa = PBXBuildFile; fileRef = 789D0C3CB2DA759811030A00 /* EnabledChip.swift */; };
		1367E9A7F7CC2830E656C812 /* OpenAppSettingsView.swift in Sources */ = {isa = PBXBuildFile; fileRef = 865B7CDAA1F1F3E818463B1C /* OpenAppSettingsView.swift */; };
		1B24385D7AF9167856C58CDE /* PopoverView.swift in Sources */ = {isa = PBXBuildFile; fileRef = BC13C34B9725268ECCD5DC0D /* PopoverView.swift */; };
		2CFF92060D84E2017AD906ED /* CommandItemRow.swift in Sources */ = {isa = PBXBuildFile; fileRef = 540FCF3FADA218AA38BAA3CB /* CommandItemRow.swift */; };
		37CD6FFF3A7ACBEC283A3E67 /* NewFileSettingsView.swift in Sources */ = {isa = PBXBuildFile; fileRef = 56F680A69EFA1548BD00B1D1 /* NewFileSettingsView.swift */; };
		432657411A9F95B440360237 /* BitwardenSettingsView.swift in Sources */ = {isa = PBXBuildFile; fileRef = F268B93969609453B123A326 /* BitwardenSettingsView.swift */; };
		4CDA118184BD65B0D1E0C42D /* ShellCommandSettingsView.swift in Sources */ = {isa = PBXBuildFile; fileRef = B90CE104850D2A12BA081E07 /* ShellCommandSettingsView.swift */; };
		7326FA87EAE0ED8E1FFACB85 /* Assets.xcassets in Resources */ = {isa = PBXBuildFile; fileRef = 0AD48DB6DF3406F3FE513F2E /* Assets.xcassets */; };
		7D28B12237F6C478977CC824 /* AppDelegate.swift in Sources */ = {isa = PBXBuildFile; fileRef = BCC38973F8AC27C23A8F444B /* AppDelegate.swift */; };
		89E365FE96B2D8404E126E1A /* GroupSectionView.swift in Sources */ = {isa = PBXBuildFile; fileRef = 4099B6083B413896FB1BD910 /* GroupSectionView.swift */; };
		955A98D56FFF375CA21F6D12 /* FinderService.swift in Sources */ = {isa = PBXBuildFile; fileRef = A2D8211C0F5F66F5B3B5139A /* FinderService.swift */; };
		96D6960F3694B1D8FE776841 /* StorageService.swift in Sources */ = {isa = PBXBuildFile; fileRef = 8376DFBE60B5134502D963E5 /* StorageService.swift */; };
		99FBC52DC35E21EF90796E72 /* HotkeyUtil.swift in Sources */ = {isa = PBXBuildFile; fileRef = 9E2AAE41F1B4E4AA4255B3AE /* HotkeyUtil.swift */; };
		9EF3CB7EE6C363D38C785F96 /* GlobalHotkeyManager.swift in Sources */ = {isa = PBXBuildFile; fileRef = 368C6D096A58F4C9E20486DD /* GlobalHotkeyManager.swift */; };
		9FD6623ABCB465112BAD68BC /* GeneralSettingsView.swift in Sources */ = {isa = PBXBuildFile; fileRef = 6A8D86811EA5E1580715F591 /* GeneralSettingsView.swift */; };
		A06DBBCCAACA4153287002C2 /* MenuSortSettingsView.swift in Sources */ = {isa = PBXBuildFile; fileRef = DFFE65BABB652AB7D4630899 /* MenuSortSettingsView.swift */; };
		A42C0D8A80D58B542D3D516A /* BitwardenService.swift in Sources */ = {isa = PBXBuildFile; fileRef = 5B2CF0E8BCEC0D87CE115F7A /* BitwardenService.swift */; };
		AA1618CFB10056952692CB80 /* UserInputHelper.swift in Sources */ = {isa = PBXBuildFile; fileRef = CE6585C9E6A036306AF07C97 /* UserInputHelper.swift */; };
		BA9BB7F141BD13B8E0EDC531 /* HotkeyRecorderView.swift in Sources */ = {isa = PBXBuildFile; fileRef = 7CECCE928194BF8F237796D0 /* HotkeyRecorderView.swift */; };
		BB51B22AF8BC6E4AE798D4B6 /* AppSettingsView.swift in Sources */ = {isa = PBXBuildFile; fileRef = A1858E8260357FA5A7D8AEB4 /* AppSettingsView.swift */; };
		BC8849ADE0034F96D66BE951 /* CommandExecutor.swift in Sources */ = {isa = PBXBuildFile; fileRef = 7B1133E985EE1D372996E65E /* CommandExecutor.swift */; };
		C84EF1214C44E733B0496247 /* main.swift in Sources */ = {isa = PBXBuildFile; fileRef = E2E2D647B22BD86426CE9E33 /* main.swift */; };
		D827D562AAC998563248994A /* IconPickerSheet.swift in Sources */ = {isa = PBXBuildFile; fileRef = 76256119A218975C3EB40776 /* IconPickerSheet.swift */; };
		E6A6228F6E2CEC67A05F2523 /* FlowLayout.swift in Sources */ = {isa = PBXBuildFile; fileRef = 714CDCB0B9999F90EC946C5B /* FlowLayout.swift */; };
		F4751C738ED48F4DC411598A /* Models.swift in Sources */ = {isa = PBXBuildFile; fileRef = BCEBE7AA6E74ACA94CCC6EA6 /* Models.swift */; };
		F5A2FC3A767658D4B70B4E75 /* ServiceProtocols.swift in Sources */ = {isa = PBXBuildFile; fileRef = B7F2A7EC941B10A57B268DB3 /* ServiceProtocols.swift */; };
		FE05EC513AC5F27631080BCB /* Presets.swift in Sources */ = {isa = PBXBuildFile; fileRef = B9CC49CEA37FF4A8CCDA5270 /* Presets.swift */; };
/* End PBXBuildFile section */

/* Begin PBXFileReference section */
		0AD48DB6DF3406F3FE513F2E /* Assets.xcassets */ = {isa = PBXFileReference; lastKnownFileType = folder.assetcatalog; path = Assets.xcassets; sourceTree = "<group>"; };
		368C6D096A58F4C9E20486DD /* GlobalHotkeyManager.swift */ = {isa = PBXFileReference; lastKnownFileType = sourcecode.swift; path = GlobalHotkeyManager.swift; sourceTree = "<group>"; };
		4099B6083B413896FB1BD910 /* GroupSectionView.swift */ = {isa = PBXFileReference; lastKnownFileType = sourcecode.swift; path = GroupSectionView.swift; sourceTree = "<group>"; };
		540FCF3FADA218AA38BAA3CB /* CommandItemRow.swift */ = {isa = PBXFileReference; lastKnownFileType = sourcecode.swift; path = CommandItemRow.swift; sourceTree = "<group>"; };
		56F680A69EFA1548BD00B1D1 /* NewFileSettingsView.swift */ = {isa = PBXFileReference; lastKnownFileType = sourcecode.swift; path = NewFileSettingsView.swift; sourceTree = "<group>"; };
		5B2CF0E8BCEC0D87CE115F7A /* BitwardenService.swift */ = {isa = PBXFileReference; lastKnownFileType = sourcecode.swift; path = BitwardenService.swift; sourceTree = "<group>"; };
		6A8D86811EA5E1580715F591 /* GeneralSettingsView.swift */ = {isa = PBXFileReference; lastKnownFileType = sourcecode.swift; path = GeneralSettingsView.swift; sourceTree = "<group>"; };
		714CDCB0B9999F90EC946C5B /* FlowLayout.swift */ = {isa = PBXFileReference; lastKnownFileType = sourcecode.swift; path = FlowLayout.swift; sourceTree = "<group>"; };
		76256119A218975C3EB40776 /* IconPickerSheet.swift */ = {isa = PBXFileReference; lastKnownFileType = sourcecode.swift; path = IconPickerSheet.swift; sourceTree = "<group>"; };
		789D0C3CB2DA759811030A00 /* EnabledChip.swift */ = {isa = PBXFileReference; lastKnownFileType = sourcecode.swift; path = EnabledChip.swift; sourceTree = "<group>"; };
		7B1133E985EE1D372996E65E /* CommandExecutor.swift */ = {isa = PBXFileReference; lastKnownFileType = sourcecode.swift; path = CommandExecutor.swift; sourceTree = "<group>"; };
		7CECCE928194BF8F237796D0 /* HotkeyRecorderView.swift */ = {isa = PBXFileReference; lastKnownFileType = sourcecode.swift; path = HotkeyRecorderView.swift; sourceTree = "<group>"; };
		8376DFBE60B5134502D963E5 /* StorageService.swift */ = {isa = PBXFileReference; lastKnownFileType = sourcecode.swift; path = StorageService.swift; sourceTree = "<group>"; };
		865B7CDAA1F1F3E818463B1C /* OpenAppSettingsView.swift */ = {isa = PBXFileReference; lastKnownFileType = sourcecode.swift; path = OpenAppSettingsView.swift; sourceTree = "<group>"; };
		9767AF9790EABEC7F1A9F7F4 /* RightClickX.app */ = {isa = PBXFileReference; explicitFileType = wrapper.application; includeInIndex = 0; path = RightClickX.app; sourceTree = BUILT_PRODUCTS_DIR; };
		9E2AAE41F1B4E4AA4255B3AE /* HotkeyUtil.swift */ = {isa = PBXFileReference; lastKnownFileType = sourcecode.swift; path = HotkeyUtil.swift; sourceTree = "<group>"; };
		A1858E8260357FA5A7D8AEB4 /* AppSettingsView.swift */ = {isa = PBXFileReference; lastKnownFileType = sourcecode.swift; path = AppSettingsView.swift; sourceTree = "<group>"; };
		A2D8211C0F5F66F5B3B5139A /* FinderService.swift */ = {isa = PBXFileReference; lastKnownFileType = sourcecode.swift; path = FinderService.swift; sourceTree = "<group>"; };
		AAF3AADA7435B1E38FCA9306 /* RightClickX.entitlements */ = {isa = PBXFileReference; lastKnownFileType = text.plist.entitlements; path = RightClickX.entitlements; sourceTree = "<group>"; };
		B7F2A7EC941B10A57B268DB3 /* ServiceProtocols.swift */ = {isa = PBXFileReference; lastKnownFileType = sourcecode.swift; path = ServiceProtocols.swift; sourceTree = "<group>"; };
		B90CE104850D2A12BA081E07 /* ShellCommandSettingsView.swift */ = {isa = PBXFileReference; lastKnownFileType = sourcecode.swift; path = ShellCommandSettingsView.swift; sourceTree = "<group>"; };
		B9CC49CEA37FF4A8CCDA5270 /* Presets.swift */ = {isa = PBXFileReference; lastKnownFileType = sourcecode.swift; path = Presets.swift; sourceTree = "<group>"; };
		BC13C34B9725268ECCD5DC0D /* PopoverView.swift */ = {isa = PBXFileReference; lastKnownFileType = sourcecode.swift; path = PopoverView.swift; sourceTree = "<group>"; };
		BCC38973F8AC27C23A8F444B /* AppDelegate.swift */ = {isa = PBXFileReference; lastKnownFileType = sourcecode.swift; path = AppDelegate.swift; sourceTree = "<group>"; };
		BCEBE7AA6E74ACA94CCC6EA6 /* Models.swift */ = {isa = PBXFileReference; lastKnownFileType = sourcecode.swift; path = Models.swift; sourceTree = "<group>"; };
		C04935DB4F27C87EEBEECB95 /* OpenFolderSettingsView.swift */ = {isa = PBXFileReference; lastKnownFileType = sourcecode.swift; path = OpenFolderSettingsView.swift; sourceTree = "<group>"; };
		C2BC58DD77B6073E63FF7B6D /* Info.plist */ = {isa = PBXFileReference; lastKnownFileType = text.plist; path = Info.plist; sourceTree = "<group>"; };
		CE6585C9E6A036306AF07C97 /* UserInputHelper.swift */ = {isa = PBXFileReference; lastKnownFileType = sourcecode.swift; path = UserInputHelper.swift; sourceTree = "<group>"; };
		DFFE65BABB652AB7D4630899 /* MenuSortSettingsView.swift */ = {isa = PBXFileReference; lastKnownFileType = sourcecode.swift; path = MenuSortSettingsView.swift; sourceTree = "<group>"; };
		E2E2D647B22BD86426CE9E33 /* main.swift */ = {isa = PBXFileReference; lastKnownFileType = sourcecode.swift; path = main.swift; sourceTree = "<group>"; };
		F268B93969609453B123A326 /* BitwardenSettingsView.swift */ = {isa = PBXFileReference; lastKnownFileType = sourcecode.swift; path = BitwardenSettingsView.swift; sourceTree = "<group>"; };
		F441D15328EAFB83B1A6B38A /* ItemEditorSheet.swift */ = {isa = PBXFileReference; lastKnownFileType = sourcecode.swift; path = ItemEditorSheet.swift; sourceTree = "<group>"; };
/* End PBXFileReference section */

/* Begin PBXGroup section */
		1D1BB549B21B93A524F4AECB /* Popover */ = {
			isa = PBXGroup;
			children = (
				540FCF3FADA218AA38BAA3CB /* CommandItemRow.swift */,
				4099B6083B413896FB1BD910 /* GroupSectionView.swift */,
				BC13C34B9725268ECCD5DC0D /* PopoverView.swift */,
			);
			path = Popover;
			sourceTree = "<group>";
		};
		1FFFC330895C6413DAD57D43 /* Protocols */ = {
			isa = PBXGroup;
			children = (
				B7F2A7EC941B10A57B268DB3 /* ServiceProtocols.swift */,
			);
			path = Protocols;
			sourceTree = "<group>";
		};
		2CE7B9451AEEEFFD4B9D4016 /* App */ = {
			isa = PBXGroup;
			children = (
				BCC38973F8AC27C23A8F444B /* AppDelegate.swift */,
				C2BC58DD77B6073E63FF7B6D /* Info.plist */,
				E2E2D647B22BD86426CE9E33 /* main.swift */,
				AAF3AADA7435B1E38FCA9306 /* RightClickX.entitlements */,
				5AB93F4FAAF4B532585908CA /* Models */,
				7C3B480DEEF6A428F41FFE25 /* Resources */,
				3AFD2787E873726700B1CD3A /* Services */,
				AA38E2B914BE4F6B89A2B980 /* Utilities */,
				5C4F7AE368085ADC9B3744CF /* Utils */,
				4DB7A9287C276EC414B93A59 /* Views */,
			);
			path = App;
			sourceTree = "<group>";
		};
		3AFD2787E873726700B1CD3A /* Services */ = {
			isa = PBXGroup;
			children = (
				5B2CF0E8BCEC0D87CE115F7A /* BitwardenService.swift */,
				7B1133E985EE1D372996E65E /* CommandExecutor.swift */,
				A2D8211C0F5F66F5B3B5139A /* FinderService.swift */,
				8376DFBE60B5134502D963E5 /* StorageService.swift */,
				1FFFC330895C6413DAD57D43 /* Protocols */,
			);
			path = Services;
			sourceTree = "<group>";
		};
		4DB7A9287C276EC414B93A59 /* Views */ = {
			isa = PBXGroup;
			children = (
				6AA1AE1D6BB6BFCDDE00C859 /* AppSettings */,
				5F7F6C759B36325917809047 /* Components */,
				1D1BB549B21B93A524F4AECB /* Popover */,
			);
			path = Views;
			sourceTree = "<group>";
		};
		5AB93F4FAAF4B532585908CA /* Models */ = {
			isa = PBXGroup;
			children = (
				BCEBE7AA6E74ACA94CCC6EA6 /* Models.swift */,
			);
			path = Models;
			sourceTree = "<group>";
		};
		5C4F7AE368085ADC9B3744CF /* Utils */ = {
			isa = PBXGroup;
			children = (
			);
			path = Utils;
			sourceTree = "<group>";
		};
		5F7F6C759B36325917809047 /* Components */ = {
			isa = PBXGroup;
			children = (
				789D0C3CB2DA759811030A00 /* EnabledChip.swift */,
				714CDCB0B9999F90EC946C5B /* FlowLayout.swift */,
				7CECCE928194BF8F237796D0 /* HotkeyRecorderView.swift */,
				76256119A218975C3EB40776 /* IconPickerSheet.swift */,
			);
			path = Components;
			sourceTree = "<group>";
		};
		6AA1AE1D6BB6BFCDDE00C859 /* AppSettings */ = {
			isa = PBXGroup;
			children = (
				A1858E8260357FA5A7D8AEB4 /* AppSettingsView.swift */,
				F268B93969609453B123A326 /* BitwardenSettingsView.swift */,
				6A8D86811EA5E1580715F591 /* GeneralSettingsView.swift */,
				F441D15328EAFB83B1A6B38A /* ItemEditorSheet.swift */,
				DFFE65BABB652AB7D4630899 /* MenuSortSettingsView.swift */,
				56F680A69EFA1548BD00B1D1 /* NewFileSettingsView.swift */,
				865B7CDAA1F1F3E818463B1C /* OpenAppSettingsView.swift */,
				C04935DB4F27C87EEBEECB95 /* OpenFolderSettingsView.swift */,
				B9CC49CEA37FF4A8CCDA5270 /* Presets.swift */,
				B90CE104850D2A12BA081E07 /* ShellCommandSettingsView.swift */,
			);
			path = AppSettings;
			sourceTree = "<group>";
		};
		774BF6E18E9823F73D693143 = {
			isa = PBXGroup;
			children = (
				2CE7B9451AEEEFFD4B9D4016 /* App */,
				92FD4EE9B33F4AC98C7F38D4 /* Products */,
			);
			sourceTree = "<group>";
		};
		7C3B480DEEF6A428F41FFE25 /* Resources */ = {
			isa = PBXGroup;
			children = (
				0AD48DB6DF3406F3FE513F2E /* Assets.xcassets */,
			);
			path = Resources;
			sourceTree = "<group>";
		};
		92FD4EE9B33F4AC98C7F38D4 /* Products */ = {
			isa = PBXGroup;
			children = (
				9767AF9790EABEC7F1A9F7F4 /* RightClickX.app */,
			);
			name = Products;
			sourceTree = "<group>";
		};
		AA38E2B914BE4F6B89A2B980 /* Utilities */ = {
			isa = PBXGroup;
			children = (
				368C6D096A58F4C9E20486DD /* GlobalHotkeyManager.swift */,
				9E2AAE41F1B4E4AA4255B3AE /* HotkeyUtil.swift */,
				CE6585C9E6A036306AF07C97 /* UserInputHelper.swift */,
			);
			path = Utilities;
			sourceTree = "<group>";
		};
/* End PBXGroup section */

/* Begin PBXNativeTarget section */
		998346D0201E3030E77F1576 /* RightClickX */ = {
			isa = PBXNativeTarget;
			buildConfigurationList = ABEF44172B8DDC02D133EF94 /* Build configuration list for PBXNativeTarget "RightClickX" */;
			buildPhases = (
				9931B995279BC7F20CD0B576 /* Sources */,
				09035F990420A2F1E3C97667 /* Resources */,
			);
			buildRules = (
			);
			dependencies = (
			);
			name = RightClickX;
			packageProductDependencies = (
			);
			productName = RightClickX;
			productReference = 9767AF9790EABEC7F1A9F7F4 /* RightClickX.app */;
			productType = "com.apple.product-type.application";
		};
/* End PBXNativeTarget section */

/* Begin PBXProject section */
		F460F59E6CD0C55E0C9EE165 /* Project object */ = {
			isa = PBXProject;
			attributes = {
				BuildIndependentTargetsInParallel = YES;
				LastUpgradeCheck = 1500;
				TargetAttributes = {
					998346D0201E3030E77F1576 = {
						ProvisioningStyle = Automatic;
					};
				};
			};
			buildConfigurationList = 55C7A7B52C2C1B5999106D09 /* Build configuration list for PBXProject "RightClickX" */;
			developmentRegion = en;
			hasScannedForEncodings = 0;
			knownRegions = (
				Base,
				en,
			);
			mainGroup = 774BF6E18E9823F73D693143;
			minimizedProjectReferenceProxies = 1;
			preferredProjectObjectVersion = 77;
			productRefGroup = 92FD4EE9B33F4AC98C7F38D4 /* Products */;
			projectDirPath = "";
			projectRoot = "";
			targets = (
				998346D0201E3030E77F1576 /* RightClickX */,
			);
		};
/* End PBXProject section */

/* Begin PBXResourcesBuildPhase section */
		09035F990420A2F1E3C97667 /* Resources */ = {
			isa = PBXResourcesBuildPhase;
			buildActionMask = 2147483647;
			files = (
				7326FA87EAE0ED8E1FFACB85 /* Assets.xcassets in Resources */,
			);
			runOnlyForDeploymentPostprocessing = 0;
		};
/* End PBXResourcesBuildPhase section */

/* Begin PBXSourcesBuildPhase section */
		9931B995279BC7F20CD0B576 /* Sources */ = {
			isa = PBXSourcesBuildPhase;
			buildActionMask = 2147483647;
			files = (
				7D28B12237F6C478977CC824 /* AppDelegate.swift in Sources */,
				BB51B22AF8BC6E4AE798D4B6 /* AppSettingsView.swift in Sources */,
				A42C0D8A80D58B542D3D516A /* BitwardenService.swift in Sources */,
				432657411A9F95B440360237 /* BitwardenSettingsView.swift in Sources */,
				BC8849ADE0034F96D66BE951 /* CommandExecutor.swift in Sources */,
				2CFF92060D84E2017AD906ED /* CommandItemRow.swift in Sources */,
				10A78BD970AD2AB8B9D95E57 /* EnabledChip.swift in Sources */,
				955A98D56FFF375CA21F6D12 /* FinderService.swift in Sources */,
				E6A6228F6E2CEC67A05F2523 /* FlowLayout.swift in Sources */,
				9FD6623ABCB465112BAD68BC /* GeneralSettingsView.swift in Sources */,
				9EF3CB7EE6C363D38C785F96 /* GlobalHotkeyManager.swift in Sources */,
				89E365FE96B2D8404E126E1A /* GroupSectionView.swift in Sources */,
				BA9BB7F141BD13B8E0EDC531 /* HotkeyRecorderView.swift in Sources */,
				99FBC52DC35E21EF90796E72 /* HotkeyUtil.swift in Sources */,
				D827D562AAC998563248994A /* IconPickerSheet.swift in Sources */,
				0A7D75B79DA85383C21E83F5 /* ItemEditorSheet.swift in Sources */,
				A06DBBCCAACA4153287002C2 /* MenuSortSettingsView.swift in Sources */,
				F4751C738ED48F4DC411598A /* Models.swift in Sources */,
				37CD6FFF3A7ACBEC283A3E67 /* NewFileSettingsView.swift in Sources */,
				1367E9A7F7CC2830E656C812 /* OpenAppSettingsView.swift in Sources */,
				03CDF4424CF68A5200C688BC /* OpenFolderSettingsView.swift in Sources */,
				1B24385D7AF9167856C58CDE /* PopoverView.swift in Sources */,
				FE05EC513AC5F27631080BCB /* Presets.swift in Sources */,
				F5A2FC3A767658D4B70B4E75 /* ServiceProtocols.swift in Sources */,
				4CDA118184BD65B0D1E0C42D /* ShellCommandSettingsView.swift in Sources */,
				96D6960F3694B1D8FE776841 /* StorageService.swift in Sources */,
				AA1618CFB10056952692CB80 /* UserInputHelper.swift in Sources */,
				C84EF1214C44E733B0496247 /* main.swift in Sources */,
			);
			runOnlyForDeploymentPostprocessing = 0;
		};
/* End PBXSourcesBuildPhase section */

/* Begin XCBuildConfiguration section */
		00D3545DEAEE2BC0C3DAEA6C /* Release */ = {
			isa = XCBuildConfiguration;
			buildSettings = {
				ASSETCATALOG_COMPILER_APPICON_NAME = AppIcon;
				CODE_SIGN_ENTITLEMENTS = App/RightClickX.entitlements;
				COMBINE_HIDPI_IMAGES = YES;
				INFOPLIST_FILE = App/Info.plist;
				LD_RUNPATH_SEARCH_PATHS = "$(inherited) @executable_path/../Frameworks";
				PRODUCT_BUNDLE_IDENTIFIER = com.rightclickx.app;
				PRODUCT_NAME = QuickHub;
				SDKROOT = macosx;
			};
			name = Release;
		};
		AE56A175CC0DAB14876CCD34 /* Release */ = {
			isa = XCBuildConfiguration;
			buildSettings = {
				ALWAYS_SEARCH_USER_PATHS = NO;
				CLANG_ANALYZER_NONNULL = YES;
				CLANG_ANALYZER_NUMBER_OBJECT_CONVERSION = YES_AGGRESSIVE;
				CLANG_CXX_LANGUAGE_STANDARD = "gnu++14";
				CLANG_CXX_LIBRARY = "libc++";
				CLANG_ENABLE_MODULES = YES;
				CLANG_ENABLE_OBJC_ARC = YES;
				CLANG_ENABLE_OBJC_WEAK = YES;
				CLANG_WARN_BLOCK_CAPTURE_AUTORELEASING = YES;
				CLANG_WARN_BOOL_CONVERSION = YES;
				CLANG_WARN_COMMA = YES;
				CLANG_WARN_CONSTANT_CONVERSION = YES;
				CLANG_WARN_DEPRECATED_OBJC_IMPLEMENTATIONS = YES;
				CLANG_WARN_DIRECT_OBJC_ISA_USAGE = YES_ERROR;
				CLANG_WARN_DOCUMENTATION_COMMENTS = YES;
				CLANG_WARN_EMPTY_BODY = YES;
				CLANG_WARN_ENUM_CONVERSION = YES;
				CLANG_WARN_INFINITE_RECURSION = YES;
				CLANG_WARN_INT_CONVERSION = YES;
				CLANG_WARN_NON_LITERAL_NULL_CONVERSION = YES;
				CLANG_WARN_OBJC_IMPLICIT_RETAIN_SELF = YES;
				CLANG_WARN_OBJC_LITERAL_CONVERSION = YES;
				CLANG_WARN_OBJC_ROOT_CLASS = YES_ERROR;
				CLANG_WARN_QUOTED_INCLUDE_IN_FRAMEWORK_HEADER = YES;
				CLANG_WARN_RANGE_LOOP_ANALYSIS = YES;
				CLANG_WARN_STRICT_PROTOTYPES = YES;
				CLANG_WARN_SUSPICIOUS_MOVE = YES;
				CLANG_WARN_UNGUARDED_AVAILABILITY = YES_AGGRESSIVE;
				CLANG_WARN_UNREACHABLE_CODE = YES;
				CLANG_WARN__DUPLICATE_METHOD_MATCH = YES;
				CODE_SIGN_IDENTITY = "-";
				CODE_SIGN_STYLE = Automatic;
				COPY_PHASE_STRIP = NO;
				DEBUG_INFORMATION_FORMAT = "dwarf-with-dsym";
				ENABLE_HARDENED_RUNTIME = YES;
				ENABLE_NS_ASSERTIONS = NO;
				ENABLE_STRICT_OBJC_MSGSEND = YES;
				GCC_C_LANGUAGE_STANDARD = gnu11;
				GCC_NO_COMMON_BLOCKS = YES;
				GCC_WARN_64_TO_32_BIT_CONVERSION = YES;
				GCC_WARN_ABOUT_RETURN_TYPE = YES_ERROR;
				GCC_WARN_UNDECLARED_SELECTOR = YES;
				GCC_WARN_UNINITIALIZED_AUTOS = YES_AGGRESSIVE;
				GCC_WARN_UNUSED_FUNCTION = YES;
				GCC_WARN_UNUSED_VARIABLE = YES;
				MACOSX_DEPLOYMENT_TARGET = 13.0;
				MTL_ENABLE_DEBUG_INFO = NO;
				MTL_FAST_MATH = YES;
				PRODUCT_NAME = "$(TARGET_NAME)";
				SDKROOT = macosx;
				SWIFT_COMPILATION_MODE = wholemodule;
				SWIFT_OPTIMIZATION_LEVEL = "-O";
				SWIFT_VERSION = 5.9;
			};
			name = Release;
		};
		AFB65B2D6990430341137D74 /* Debug */ = {
			isa = XCBuildConfiguration;
			buildSettings = {
				ASSETCATALOG_COMPILER_APPICON_NAME = AppIcon;
				CODE_SIGN_ENTITLEMENTS = App/RightClickX.entitlements;
				COMBINE_HIDPI_IMAGES = YES;
				INFOPLIST_FILE = App/Info.plist;
				LD_RUNPATH_SEARCH_PATHS = "$(inherited) @executable_path/../Frameworks";
				PRODUCT_BUNDLE_IDENTIFIER = com.rightclickx.app;
				PRODUCT_NAME = QuickHub;
				SDKROOT = macosx;
			};
			name = Debug;
		};
		D2ACCB299578D25AF1739F7C /* Debug */ = {
			isa = XCBuildConfiguration;
			buildSettings = {
				ALWAYS_SEARCH_USER_PATHS = NO;
				CLANG_ANALYZER_NONNULL = YES;
				CLANG_ANALYZER_NUMBER_OBJECT_CONVERSION = YES_AGGRESSIVE;
				CLANG_CXX_LANGUAGE_STANDARD = "gnu++14";
				CLANG_CXX_LIBRARY = "libc++";
				CLANG_ENABLE_MODULES = YES;
				CLANG_ENABLE_OBJC_ARC = YES;
				CLANG_ENABLE_OBJC_WEAK = YES;
				CLANG_WARN_BLOCK_CAPTURE_AUTORELEASING = YES;
				CLANG_WARN_BOOL_CONVERSION = YES;
				CLANG_WARN_COMMA = YES;
				CLANG_WARN_CONSTANT_CONVERSION = YES;
				CLANG_WARN_DEPRECATED_OBJC_IMPLEMENTATIONS = YES;
				CLANG_WARN_DIRECT_OBJC_ISA_USAGE = YES_ERROR;
				CLANG_WARN_DOCUMENTATION_COMMENTS = YES;
				CLANG_WARN_EMPTY_BODY = YES;
				CLANG_WARN_ENUM_CONVERSION = YES;
				CLANG_WARN_INFINITE_RECURSION = YES;
				CLANG_WARN_INT_CONVERSION = YES;
				CLANG_WARN_NON_LITERAL_NULL_CONVERSION = YES;
				CLANG_WARN_OBJC_IMPLICIT_RETAIN_SELF = YES;
				CLANG_WARN_OBJC_LITERAL_CONVERSION = YES;
				CLANG_WARN_OBJC_ROOT_CLASS = YES_ERROR;
				CLANG_WARN_QUOTED_INCLUDE_IN_FRAMEWORK_HEADER = YES;
				CLANG_WARN_RANGE_LOOP_ANALYSIS = YES;
				CLANG_WARN_STRICT_PROTOTYPES = YES;
				CLANG_WARN_SUSPICIOUS_MOVE = YES;
				CLANG_WARN_UNGUARDED_AVAILABILITY = YES_AGGRESSIVE;
				CLANG_WARN_UNREACHABLE_CODE = YES;
				CLANG_WARN__DUPLICATE_METHOD_MATCH = YES;
				CODE_SIGN_IDENTITY = "-";
				CODE_SIGN_STYLE = Automatic;
				COPY_PHASE_STRIP = NO;
				DEBUG_INFORMATION_FORMAT = dwarf;
				ENABLE_HARDENED_RUNTIME = YES;
				ENABLE_STRICT_OBJC_MSGSEND = YES;
				ENABLE_TESTABILITY = YES;
				GCC_C_LANGUAGE_STANDARD = gnu11;
				GCC_DYNAMIC_NO_PIC = NO;
				GCC_NO_COMMON_BLOCKS = YES;
				GCC_OPTIMIZATION_LEVEL = 0;
				GCC_PREPROCESSOR_DEFINITIONS = (
					"$(inherited)",
					"DEBUG=1",
				);
				GCC_WARN_64_TO_32_BIT_CONVERSION = YES;
				GCC_WARN_ABOUT_RETURN_TYPE = YES_ERROR;
				GCC_WARN_UNDECLARED_SELECTOR = YES;
				GCC_WARN_UNINITIALIZED_AUTOS = YES_AGGRESSIVE;
				GCC_WARN_UNUSED_FUNCTION = YES;
				GCC_WARN_UNUSED_VARIABLE = YES;
				MACOSX_DEPLOYMENT_TARGET = 13.0;
				MTL_ENABLE_DEBUG_INFO = INCLUDE_SOURCE;
				MTL_FAST_MATH = YES;
				ONLY_ACTIVE_ARCH = YES;
				PRODUCT_NAME = "$(TARGET_NAME)";
				SDKROOT = macosx;
				SWIFT_ACTIVE_COMPILATION_CONDITIONS = DEBUG;
				SWIFT_OPTIMIZATION_LEVEL = "-Onone";
				SWIFT_VERSION = 5.9;
			};
			name = Debug;
		};
/* End XCBuildConfiguration section */

/* Begin XCConfigurationList section */
		55C7A7B52C2C1B5999106D09 /* Build configuration list for PBXProject "RightClickX" */ = {
			isa = XCConfigurationList;
			buildConfigurations = (
				D2ACCB299578D25AF1739F7C /* Debug */,
				AE56A175CC0DAB14876CCD34 /* Release */,
			);
			defaultConfigurationIsVisible = 0;
			defaultConfigurationName = Debug;
		};
		ABEF44172B8DDC02D133EF94 /* Build configuration list for PBXNativeTarget "RightClickX" */ = {
			isa = XCConfigurationList;
			buildConfigurations = (
				AFB65B2D6990430341137D74 /* Debug */,
				00D3545DEAEE2BC0C3DAEA6C /* Release */,
			);
			defaultConfigurationIsVisible = 0;
			defaultConfigurationName = Debug;
		};
/* End XCConfigurationList section */
	};
	rootObject = F460F59E6CD0C55E0C9EE165 /* Project object */;
}
